
Microsoft Visual Studio Solution File, Format Version 12.00
# Visual Studio Version 16
VisualStudioVersion = 16.0.29709.97
MinimumVisualStudioVersion = 10.0.40219.1
Project("{FAE04EC0-301F-11D3-BF4B-00C04F79EFBC}") = "PANIN_ILYA_BACO.02.19_PRAKTIKA_1.2", "PANIN_ILYA_BACO.02.19_PRAKTIKA_1.2.csproj", "{C5971415-4AB0-4D71-9686-4A4ABDE2A062}"
EndProject
Global
	GlobalSection(SolutionConfigurationPlatforms) = preSolution
		Debug|Any CPU = Debug|Any CPU
		Release|Any CPU = Release|Any CPU
	EndGlobalSection
	GlobalSection(ProjectConfigurationPlatforms) = postSolution
		{C5971415-4AB0-4D71-9686-4A4ABDE2A062}.Debug|Any CPU.ActiveCfg = Debug|Any CPU
		{C5971415-4AB0-4D71-9686-4A4ABDE2A062}.Debug|Any CPU.Build.0 = Debug|Any CPU
		{C5971415-4AB0-4D71-9686-4A4ABDE2A062}.Release|Any CPU.ActiveCfg = Release|Any CPU
		{C5971415-4AB0-4D71-9686-4A4ABDE2A062}.Release|Any CPU.Build.0 = Release|Any CPU
	EndGlobalSection
	GlobalSection(SolutionProperties) = preSolution
		HideSolutionNode = FALSE
	EndGlobalSection
	GlobalSection(ExtensibilityGlobals) = postSolution
		SolutionGuid = {CDF8D1F8-8B91-4B5C-A5AA-95EBA87696BC}
	EndGlobalSection
EndGlobal
